
Microsoft Visual Studio Solution File, Format Version 12.00
Project("{FAE04EC0-301F-11D3-BF4B-00C04F79EFBC}") = "APICatalogo", "APICatalogo\APICatalogo.csproj", "{C261B427-F4CE-44D4-8CB0-FDC98D5A631A}"
EndProject
Project("{FAE04EC0-301F-11D3-BF4B-00C04F79EFBC}") = "APICatalogoTest", "APICatalogoTest\APICatalogoTest.csproj", "{B6B4C803-AA1C-48FB-AA2D-8D231B0CB524}"
EndProject
Global
	GlobalSection(SolutionConfigurationPlatforms) = preSolution
		Debug|Any CPU = Debug|Any CPU
		Release|Any CPU = Release|Any CPU
	EndGlobalSection
	GlobalSection(ProjectConfigurationPlatforms) = postSolution
		{C261B427-F4CE-44D4-8CB0-FDC98D5A631A}.Debug|Any CPU.ActiveCfg = Debug|Any CPU
		{C261B427-F4CE-44D4-8CB0-FDC98D5A631A}.Debug|Any CPU.Build.0 = Debug|Any CPU
		{C261B427-F4CE-44D4-8CB0-FDC98D5A631A}.Release|Any CPU.ActiveCfg = Release|Any CPU
		{C261B427-F4CE-44D4-8CB0-FDC98D5A631A}.Release|Any CPU.Build.0 = Release|Any CPU
		{B6B4C803-AA1C-48FB-AA2D-8D231B0CB524}.Debug|Any CPU.ActiveCfg = Debug|Any CPU
		{B6B4C803-AA1C-48FB-AA2D-8D231B0CB524}.Debug|Any CPU.Build.0 = Debug|Any CPU
		{B6B4C803-AA1C-48FB-AA2D-8D231B0CB524}.Release|Any CPU.ActiveCfg = Release|Any CPU
		{B6B4C803-AA1C-48FB-AA2D-8D231B0CB524}.Release|Any CPU.Build.0 = Release|Any CPU
	EndGlobalSection
EndGlobal
